// !$*UTF8*$!
{
	archiveVersion = 1;
	classes = {
	};
	objectVersion = 51;
	objects = {

/* Begin PBXBuildFile section */
		79B91FBC50BE5C05B5ABA48A /* Pods_youtube_player.framework in Frameworks */ = {isa = PBXBuildFile; fileRef = D52E1DD08482765A4E7ED512 /* Pods_youtube_player.framework */; };
		EF14FF412564A4F2007A45B6 /* youtube_playerApp.swift in Sources */ = {isa = PBXBuildFile; fileRef = EF14FF402564A4F2007A45B6 /* youtube_playerApp.swift */; };
		EF14FF432564A4F2007A45B6 /* ContentView.swift in Sources */ = {isa = PBXBuildFile; fileRef = EF14FF422564A4F2007A45B6 /* ContentView.swift */; };
		EF14FF452564A4F3007A45B6 /* Assets.xcassets in Resources */ = {isa = PBXBuildFile; fileRef = EF14FF442564A4F3007A45B6 /* Assets.xcassets */; };
		EF14FF482564A4F3007A45B6 /* Preview Assets.xcassets in Resources */ = {isa = PBXBuildFile; fileRef = EF14FF472564A4F3007A45B6 /* Preview Assets.xcassets */; };
		EF2D2BA62564A74700BE5278 /* PlayerView.swift in Sources */ = {isa = PBXBuildFile; fileRef = EF2D2BA52564A74700BE5278 /* PlayerView.swift */; };
/* End PBXBuildFile section */

/* Begin PBXFileReference section */
		7665D67249EB4BF422BD8721 /* Pods-youtube player.release.xcconfig */ = {isa = PBXFileReference; includeInIndex = 1; lastKnownFileType = text.xcconfig; name = "Pods-youtube player.release.xcconfig"; path = "Target Support Files/Pods-youtube player/Pods-youtube player.release.xcconfig"; sourceTree = "<group>"; };
		D52E1DD08482765A4E7ED512 /* Pods_youtube_player.framework */ = {isa = PBXFileReference; explicitFileType = wrapper.framework; includeInIndex = 0; path = Pods_youtube_player.framework; sourceTree = BUILT_PRODUCTS_DIR; };
		EF14FF3D2564A4F2007A45B6 /* youtube player.app */ = {isa = PBXFileReference; explicitFileType = wrapper.application; includeInIndex = 0; path = "youtube player.app"; sourceTree = BUILT_PRODUCTS_DIR; };
		EF14FF402564A4F2007A45B6 /* youtube_playerApp.swift */ = {isa = PBXFileReference; lastKnownFileType = sourcecode.swift; path = youtube_playerApp.swift; sourceTree = "<group>"; };
		EF14FF422564A4F2007A45B6 /* ContentView.swift */ = {isa = PBXFileReference; lastKnownFileType = sourcecode.swift; path = ContentView.swift; sourceTree = "<group>"; };
		EF14FF442564A4F3007A45B6 /* Assets.xcassets */ = {isa = PBXFileReference; lastKnownFileType = folder.assetcatalog; path = Assets.xcassets; sourceTree = "<group>"; };
		EF14FF472564A4F3007A45B6 /* Preview Assets.xcassets */ = {isa = PBXFileReference; lastKnownFileType = folder.assetcatalog; path = "Preview Assets.xcassets"; sourceTree = "<group>"; };
		EF14FF492564A4F3007A45B6 /* Info.plist */ = {isa = PBXFileReference; lastKnownFileType = text.plist.xml; path = Info.plist; sourceTree = "<group>"; };
		EF2D2BA52564A74700BE5278 /* PlayerView.swift */ = {isa = PBXFileReference; lastKnownFileType = sourcecode.swift; path = PlayerView.swift; sourceTree = "<group>"; };
		EF74962725810764004B0497 /* README.md */ = {isa = PBXFileReference; lastKnownFileType = net.daringfireball.markdown; path = README.md; sourceTree = "<group>"; };
		F9B01544F0F1535F6F52A2D9 /* Pods-youtube player.debug.xcconfig */ = {isa = PBXFileReference; includeInIndex = 1; lastKnownFileType = text.xcconfig; name = "Pods-youtube player.debug.xcconfig"; path = "Target Support Files/Pods-youtube player/Pods-youtube player.debug.xcconfig"; sourceTree = "<group>"; };
/* End PBXFileReference section */

/* Begin PBXFrameworksBuildPhase section */
		EF14FF3A2564A4F2007A45B6 /* Frameworks */ = {
			isa = PBXFrameworksBuildPhase;
			buildActionMask = 2147483647;
			files = (
				79B91FBC50BE5C05B5ABA48A /* Pods_youtube_player.framework in Frameworks */,
			);
			runOnlyForDeploymentPostprocessing = 0;
		};
/* End PBXFrameworksBuildPhase section */

/* Begin PBXGroup section */
		04923472F6ECA9909C7D2E25 /* Frameworks */ = {
			isa = PBXGroup;
			children = (
				D52E1DD08482765A4E7ED512 /* Pods_youtube_player.framework */,
			);
			name = Frameworks;
			sourceTree = "<group>";
		};
		EF14FF342564A4F2007A45B6 = {
			isa = PBXGroup;
			children = (
				EF74962725810764004B0497 /* README.md */,
				EF14FF3F2564A4F2007A45B6 /* youtube player */,
				EF14FF3E2564A4F2007A45B6 /* Products */,
				F6B04E258845D0AEEA06D170 /* Pods */,
				04923472F6ECA9909C7D2E25 /* Frameworks */,
			);
			sourceTree = "<group>";
		};
		EF14FF3E2564A4F2007A45B6 /* Products */ = {
			isa = PBXGroup;
			children = (
				EF14FF3D2564A4F2007A45B6 /* youtube player.app */,
			);
			name = Products;
			sourceTree = "<group>";
		};
		EF14FF3F2564A4F2007A45B6 /* youtube player */ = {
			isa = PBXGroup;
			children = (
				EF14FF402564A4F2007A45B6 /* youtube_playerApp.swift */,
				EF14FF422564A4F2007A45B6 /* ContentView.swift */,
				EF2D2BA52564A74700BE5278 /* PlayerView.swift */,
				EF14FF442564A4F3007A45B6 /* Assets.xcassets */,
				EF14FF492564A4F3007A45B6 /* Info.plist */,
				EF14FF462564A4F3007A45B6 /* Preview Content */,
			);
			path = "youtube player";
			sourceTree = "<group>";
		};
		EF14FF462564A4F3007A45B6 /* Preview Content */ = {
			isa = PBXGroup;
			children = (
				EF14FF472564A4F3007A45B6 /* Preview Assets.xcassets */,
			);
			path = "Preview Content";
			sourceTree = "<group>";
		};
		F6B04E258845D0AEEA06D170 /* Pods */ = {
			isa = PBXGroup;
			children = (
				F9B01544F0F1535F6F52A2D9 /* Pods-youtube player.debug.xcconfig */,
				7665D67249EB4BF422BD8721 /* Pods-youtube player.release.xcconfig */,
			);
			path = Pods;
			sourceTree = "<group>";
		};
/* End PBXGroup section */

/* Begin PBXNativeTarget section */
		EF14FF3C2564A4F2007A45B6 /* youtube player */ = {
			isa = PBXNativeTarget;
			buildConfigurationList = EF14FF4C2564A4F3007A45B6 /* Build configuration list for PBXNativeTarget "youtube player" */;
			buildPhases = (
				4933980D947176DF71B0358E /* [CP] Check Pods Manifest.lock */,
				EF14FF392564A4F2007A45B6 /* Sources */,
				EF14FF3A2564A4F2007A45B6 /* Frameworks */,
				EF14FF3B2564A4F2007A45B6 /* Resources */,
				4B819F3AD3676DF9B34857A2 /* [CP] Embed Pods Frameworks */,
			);
			buildRules = (
			);
			dependencies = (
			);
			name = "youtube player";
			productName = "youtube player";
			productReference = EF14FF3D2564A4F2007A45B6 /* youtube player.app */;
			productType = "com.apple.product-type.application";
		};
/* End PBXNativeTarget section */

/* Begin PBXProject section */
		EF14FF352564A4F2007A45B6 /* Project object */ = {
			isa = PBXProject;
			attributes = {
				LastSwiftUpdateCheck = 1220;
				LastUpgradeCheck = 1220;
				TargetAttributes = {
					EF14FF3C2564A4F2007A45B6 = {
						CreatedOnToolsVersion = 12.2;
					};
				};
			};
			buildConfigurationList = EF14FF382564A4F2007A45B6 /* Build configuration list for PBXProject "youtube player" */;
			compatibilityVersion = "Xcode 9.3";
			developmentRegion = en;
			hasScannedForEncodings = 0;
			knownRegions = (
				en,
				Base,
			);
			mainGroup = EF14FF342564A4F2007A45B6;
			productRefGroup = EF14FF3E2564A4F2007A45B6 /* Products */;
			projectDirPath = "";
			projectRoot = "";
			targets = (
				EF14FF3C2564A4F2007A45B6 /* youtube player */,
			);
		};
/* End PBXProject section */

/* Begin PBXResourcesBuildPhase section */
		EF14FF3B2564A4F2007A45B6 /* Resources */ = {
			isa = PBXResourcesBuildPhase;
			buildActionMask = 2147483647;
			files = (
				EF14FF482564A4F3007A45B6 /* Preview Assets.xcassets in Resources */,
				EF14FF452564A4F3007A45B6 /* Assets.xcassets in Resources */,
			);
			runOnlyForDeploymentPostprocessing = 0;
		};
/* End PBXResourcesBuildPhase section */

/* Begin PBXShellScriptBuildPhase section */
		4933980D947176DF71B0358E /* [CP] Check Pods Manifest.lock */ = {
			isa = PBXShellScriptBuildPhase;
			buildActionMask = 2147483647;
			files = (
			);
			inputFileListPaths = (
			);
			inputPaths = (
				"${PODS_PODFILE_DIR_PATH}/Podfile.lock",
				"${PODS_ROOT}/Manifest.lock",
			);
			name = "[CP] Check Pods Manifest.lock";
			outputFileListPaths = (
			);
			outputPaths = (
				"$(DERIVED_FILE_DIR)/Pods-youtube player-checkManifestLockResult.txt",
			);
			runOnlyForDeploymentPostprocessing = 0;
			shellPath = /bin/sh;
			shellScript = "diff \"${PODS_PODFILE_DIR_PATH}/Podfile.lock\" \"${PODS_ROOT}/Manifest.lock\" > /dev/null\nif [ $? != 0 ] ; then\n    # print error to STDERR\n    echo \"error: The sandbox is not in sync with the Podfile.lock. Run 'pod install' or update your CocoaPods installation.\" >&2\n    exit 1\nfi\n# This output is used by Xcode 'outputs' to avoid re-running this script phase.\necho \"SUCCESS\" > \"${SCRIPT_OUTPUT_FILE_0}\"\n";
			showEnvVarsInLog = 0;
		};
		4B819F3AD3676DF9B34857A2 /* [CP] Embed Pods Frameworks */ = {
			isa = PBXShellScriptBuildPhase;
			buildActionMask = 2147483647;
			files = (
			);
			inputFileListPaths = (
				"${PODS_ROOT}/Target Support Files/Pods-youtube player/Pods-youtube player-frameworks-${CONFIGURATION}-input-files.xcfilelist",
			);
			name = "[CP] Embed Pods Frameworks";
			outputFileListPaths = (
				"${PODS_ROOT}/Target Support Files/Pods-youtube player/Pods-youtube player-frameworks-${CONFIGURATION}-output-files.xcfilelist",
			);
			runOnlyForDeploymentPostprocessing = 0;
			shellPath = /bin/sh;
			shellScript = "\"${PODS_ROOT}/Target Support Files/Pods-youtube player/Pods-youtube player-frameworks.sh\"\n";
			showEnvVarsInLog = 0;
		};
/* End PBXShellScriptBuildPhase section */

/* Begin PBXSourcesBuildPhase section */
		EF14FF392564A4F2007A45B6 /* Sources */ = {
			isa = PBXSourcesBuildPhase;
			buildActionMask = 2147483647;
			files = (
				EF2D2BA62564A74700BE5278 /* PlayerView.swift in Sources */,
				EF14FF432564A4F2007A45B6 /* ContentView.swift in Sources */,
				EF14FF412564A4F2007A45B6 /* youtube_playerApp.swift in Sources */,
			);
			runOnlyForDeploymentPostprocessing = 0;
		};
/* End PBXSourcesBuildPhase section */

/* Begin XCBuildConfiguration section */
		EF14FF4A2564A4F3007A45B6 /* Debug */ = {
			isa = XCBuildConfiguration;
			buildSettings = {
				ALWAYS_SEARCH_USER_PATHS = NO;
				CLANG_ANALYZER_NONNULL = YES;
				CLANG_ANALYZER_NUMBER_OBJECT_CONVERSION = YES_AGGRESSIVE;
				CLANG_CXX_LANGUAGE_STANDARD = "gnu++14";
				CLANG_CXX_LIBRARY = "libc++";
				CLANG_ENABLE_MODULES = YES;
				CLANG_ENABLE_OBJC_ARC = YES;
				CLANG_ENABLE_OBJC_WEAK = YES;
				CLANG_WARN_BLOCK_CAPTURE_AUTORELEASING = YES;
				CLANG_WARN_BOOL_CONVERSION = YES;
				CLANG_WARN_COMMA = YES;
				CLANG_WARN_CONSTANT_CONVERSION = YES;
				CLANG_WARN_DEPRECATED_OBJC_IMPLEMENTATIONS = YES;
				CLANG_WARN_DIRECT_OBJC_ISA_USAGE = YES_ERROR;
				CLANG_WARN_DOCUMENTATION_COMMENTS = YES;
				CLANG_WARN_EMPTY_BODY = YES;
				CLANG_WARN_ENUM_CONVERSION = YES;
				CLANG_WARN_INFINITE_RECURSION = YES;
				CLANG_WARN_INT_CONVERSION = YES;
				CLANG_WARN_NON_LITERAL_NULL_CONVERSION = YES;
				CLANG_WARN_OBJC_IMPLICIT_RETAIN_SELF = YES;
				CLANG_WARN_OBJC_LITERAL_CONVERSION = YES;
				CLANG_WARN_OBJC_ROOT_CLASS = YES_ERROR;
				CLANG_WARN_QUOTED_INCLUDE_IN_FRAMEWORK_HEADER = YES;
				CLANG_WARN_RANGE_LOOP_ANALYSIS = YES;
				CLANG_WARN_STRICT_PROTOTYPES = YES;
				CLANG_WARN_SUSPICIOUS_MOVE = YES;
				CLANG_WARN_UNGUARDED_AVAILABILITY = YES_AGGRESSIVE;
				CLANG_WARN_UNREACHABLE_CODE = YES;
				CLANG_WARN__DUPLICATE_METHOD_MATCH = YES;
				COPY_PHASE_STRIP = NO;
				DEBUG_INFORMATION_FORMAT = dwarf;
				ENABLE_STRICT_OBJC_MSGSEND = YES;
				ENABLE_TESTABILITY = YES;
				GCC_C_LANGUAGE_STANDARD = gnu11;
				GCC_DYNAMIC_NO_PIC = NO;
				GCC_NO_COMMON_BLOCKS = YES;
				GCC_OPTIMIZATION_LEVEL = 0;
				GCC_PREPROCESSOR_DEFINITIONS = (
					"DEBUG=1",
					"$(inherited)",
				);
				GCC_WARN_64_TO_32_BIT_CONVERSION = YES;
				GCC_WARN_ABOUT_RETURN_TYPE = YES_ERROR;
				GCC_WARN_UNDECLARED_SELECTOR = YES;
				GCC_WARN_UNINITIALIZED_AUTOS = YES_AGGRESSIVE;
				GCC_WARN_UNUSED_FUNCTION = YES;
				GCC_WARN_UNUSED_VARIABLE = YES;
				IPHONEOS_DEPLOYMENT_TARGET = 14.2;
				MTL_ENABLE_DEBUG_INFO = INCLUDE_SOURCE;
				MTL_FAST_MATH = YES;
				ONLY_ACTIVE_ARCH = YES;
				SDKROOT = iphoneos;
				SWIFT_ACTIVE_COMPILATION_CONDITIONS = DEBUG;
				SWIFT_OPTIMIZATION_LEVEL = "-Onone";
			};
			name = Debug;
		};
		EF14FF4B2564A4F3007A45B6 /* Release */ = {
			isa = XCBuildConfiguration;
			buildSettings = {
				ALWAYS_SEARCH_USER_PATHS = NO;
				CLANG_ANALYZER_NONNULL = YES;
				CLANG_ANALYZER_NUMBER_OBJECT_CONVERSION = YES_AGGRESSIVE;
				CLANG_CXX_LANGUAGE_STANDARD = "gnu++14";
				CLANG_CXX_LIBRARY = "libc++";
				CLANG_ENABLE_MODULES = YES;
				CLANG_ENABLE_OBJC_ARC = YES;
				CLANG_ENABLE_OBJC_WEAK = YES;
				CLANG_WARN_BLOCK_CAPTURE_AUTORELEASING = YES;
				CLANG_WARN_BOOL_CONVERSION = YES;
				CLANG_WARN_COMMA = YES;
				CLANG_WARN_CONSTANT_CONVERSION = YES;
				CLANG_WARN_DEPRECATED_OBJC_IMPLEMENTATIONS = YES;
				CLANG_WARN_DIRECT_OBJC_ISA_USAGE = YES_ERROR;
				CLANG_WARN_DOCUMENTATION_COMMENTS = YES;
				CLANG_WARN_EMPTY_BODY = YES;
				CLANG_WARN_ENUM_CONVERSION = YES;
				CLANG_WARN_INFINITE_RECURSION = YES;
				CLANG_WARN_INT_CONVERSION = YES;
				CLANG_WARN_NON_LITERAL_NULL_CONVERSION = YES;
				CLANG_WARN_OBJC_IMPLICIT_RETAIN_SELF = YES;
				CLANG_WARN_OBJC_LITERAL_CONVERSION = YES;
				CLANG_WARN_OBJC_ROOT_CLASS = YES_ERROR;
				CLANG_WARN_QUOTED_INCLUDE_IN_FRAMEWORK_HEADER = YES;
				CLANG_WARN_RANGE_LOOP_ANALYSIS = YES;
				CLANG_WARN_STRICT_PROTOTYPES = YES;
				CLANG_WARN_SUSPICIOUS_MOVE = YES;
				CLANG_WARN_UNGUARDED_AVAILABILITY = YES_AGGRESSIVE;
				CLANG_WARN_UNREACHABLE_CODE = YES;
				CLANG_WARN__DUPLICATE_METHOD_MATCH = YES;
				COPY_PHASE_STRIP = NO;
				DEBUG_INFORMATION_FORMAT = "dwarf-with-dsym";
				ENABLE_NS_ASSERTIONS = NO;
				ENABLE_STRICT_OBJC_MSGSEND = YES;
				GCC_C_LANGUAGE_STANDARD = gnu11;
				GCC_NO_COMMON_BLOCKS = YES;
				GCC_WARN_64_TO_32_BIT_CONVERSION = YES;
				GCC_WARN_ABOUT_RETURN_TYPE = YES_ERROR;
				GCC_WARN_UNDECLARED_SELECTOR = YES;
				GCC_WARN_UNINITIALIZED_AUTOS = YES_AGGRESSIVE;
				GCC_WARN_UNUSED_FUNCTION = YES;
				GCC_WARN_UNUSED_VARIABLE = YES;
				IPHONEOS_DEPLOYMENT_TARGET = 14.2;
				MTL_ENABLE_DEBUG_INFO = NO;
				MTL_FAST_MATH = YES;
				SDKROOT = iphoneos;
				SWIFT_COMPILATION_MODE = wholemodule;
				SWIFT_OPTIMIZATION_LEVEL = "-O";
				VALIDATE_PRODUCT = YES;
			};
			name = Release;
		};
		EF14FF4D2564A4F3007A45B6 /* Debug */ = {
			isa = XCBuildConfiguration;
			baseConfigurationReference = F9B01544F0F1535F6F52A2D9 /* Pods-youtube player.debug.xcconfig */;
			buildSettings = {
				ASSETCATALOG_COMPILER_APPICON_NAME = AppIcon;
				ASSETCATALOG_COMPILER_GLOBAL_ACCENT_COLOR_NAME = AccentColor;
				CODE_SIGN_STYLE = Automatic;
				DEVELOPMENT_ASSET_PATHS = "\"youtube player/Preview Content\"";
				DEVELOPMENT_TEAM = CFBV6A4UV7;
				ENABLE_PREVIEWS = YES;
				INFOPLIST_FILE = "youtube player/Info.plist";
				IPHONEOS_DEPLOYMENT_TARGET = 14.0;
				LD_RUNPATH_SEARCH_PATHS = (
					"$(inherited)",
					"@executable_path/Frameworks",
				);
				PRODUCT_BUNDLE_IDENTIFIER = "jp.co.shlab.youtube-player";
				PRODUCT_NAME = "$(TARGET_NAME)";
				SWIFT_VERSION = 5.0;
				TARGETED_DEVICE_FAMILY = "1,2";
			};
			name = Debug;
		};
		EF14FF4E2564A4F3007A45B6 /* Release */ = {
			isa = XCBuildConfiguration;
			baseConfigurationReference = 7665D67249EB4BF422BD8721 /* Pods-youtube player.release.xcconfig */;
			buildSettings = {
				ASSETCATALOG_COMPILER_APPICON_NAME = AppIcon;
				ASSETCATALOG_COMPILER_GLOBAL_ACCENT_COLOR_NAME = AccentColor;
				CODE_SIGN_STYLE = Automatic;
				DEVELOPMENT_ASSET_PATHS = "\"youtube player/Preview Content\"";
				DEVELOPMENT_TEAM = CFBV6A4UV7;
				ENABLE_PREVIEWS = YES;
				INFOPLIST_FILE = "youtube player/Info.plist";
				IPHONEOS_DEPLOYMENT_TARGET = 14.0;
				LD_RUNPATH_SEARCH_PATHS = (
					"$(inherited)",
					"@executable_path/Frameworks",
				);
				PRODUCT_BUNDLE_IDENTIFIER = "jp.co.shlab.youtube-player";
				PRODUCT_NAME = "$(TARGET_NAME)";
				SWIFT_VERSION = 5.0;
				TARGETED_DEVICE_FAMILY = "1,2";
			};
			name = Release;
		};
/* End XCBuildConfiguration section */

/* Begin XCConfigurationList section */
		EF14FF382564A4F2007A45B6 /* Build configuration list for PBXProject "youtube player" */ = {
			isa = XCConfigurationList;
			buildConfigurations = (
				EF14FF4A2564A4F3007A45B6 /* Debug */,
				EF14FF4B2564A4F3007A45B6 /* Release */,
			);
			defaultConfigurationIsVisible = 0;
			defaultConfigurationName = Release;
		};
		EF14FF4C2564A4F3007A45B6 /* Build configuration list for PBXNativeTarget "youtube player" */ = {
			isa = XCConfigurationList;
			buildConfigurations = (
				EF14FF4D2564A4F3007A45B6 /* Debug */,
				EF14FF4E2564A4F3007A45B6 /* Release */,
			);
			defaultConfigurationIsVisible = 0;
			defaultConfigurationName = Release;
		};
/* End XCConfigurationList section */
	};
	rootObject = EF14FF352564A4F2007A45B6 /* Project object */;
}
